
COCOAPODS: 0.16.2

PODS: 
- AFNetworking (1.0)
- InAppSettingsKit (1.0)
- JSONKit (1.5pre)
- MBProgressHUD (0.5)
- MFSideMenu (0.2)
- MKHorizMenu (0.0.1)
- SDURLCache (1.2)
- SDWebImage (3.1): 
  - SDWebImage/Main (= 3.1)
- SDWebImage/Main (3.1)
- SVSegmentedControl (0.1)
- SVWebViewController (0.1)
- TestFlightSDK (1.2.3.beta1)

DEPENDENCIES: 
- AFNetworking (= 1.0)
- InAppSettingsKit
- JSONKit
- MBProgressHUD
- MFSideMenu (= 0.2)
- MKHorizMenu
- SDURLCache (= 1.2)
- SDWebImage
- SVSegmentedControl
- SVWebViewController
- TestFlightSDK

SPEC CHECKSUMS: 
  InAppSettingsKit: 8d5ae557a5890ca48c6e2085d6301194e4e2b48a
  SDWebImage/Main: 9e70e5dd0c69d1a043180cd2c5e1d0cd1e4ebcd7
  SDURLCache: 2208f93474756c694eed002fa7e3ab62ff3c6468
  MBProgressHUD: b23ee11c42253d6d804e8e0bfabdc334e8b2571f
  JSONKit: 3d4708953ea7ae399a49777372d8b060a43ddd27
  SVWebViewController: 4004126ffdd39ede42bc645273e8eaae3de700f9
  SVSegmentedControl: a71dd845e6264af87c644e2d90cf32be1cb1665b
  MFSideMenu: 5ef5330a4f698758ea719be0e7ddf1b219f03f28
  AFNetworking: 204f4b3d3a3ea7b38737c3fbf2646ba8c9719eea
  MKHorizMenu: a7d253af174bee6ff1e658f6a2f63032012ce9d7
  TestFlightSDK: f638b08651a37af099e40c47241fc58fd3cb1a66
  SDWebImage: 9e70e5dd0c69d1a043180cd2c5e1d0cd1e4ebcd7
