
SPEC CHECKSUMS: 
  MKHorizMenu: 6c15fe2e8a35f90e613c63c5b111be45364c39b7
  MBProgressHUD: b23ee11c42253d6d804e8e0bfabdc334e8b2571f
  AFNetworking: 761a418233d280c1e0580bcb76ff9cb4c3073d17
  SDWebImage: 9e70e5dd0c69d1a043180cd2c5e1d0cd1e4ebcd7
  InAppSettingsKit: 8d5ae557a5890ca48c6e2085d6301194e4e2b48a
  SVWebViewController: 2e3a367237bb7072e54e05c6eaa82d21a12ba676
  TestFlightSDK: f638b08651a37af099e40c47241fc58fd3cb1a66
  JSONKit: 409734ab3407fce90ef7eaa95d7168f38d9a6601
  SDURLCache: cf4dcdd0d01473c334e9338e82a8733de156ef15
  MFSideMenu: 5ef5330a4f698758ea719be0e7ddf1b219f03f28
  CKCalendar: e5b1956298f95a71707fdce229d961a49db90697
  ABCalendarPicker: 50a367923ce1d13d5a42a1513802045e94b4b86e
  SDWebImage/Main: 9e70e5dd0c69d1a043180cd2c5e1d0cd1e4ebcd7

COCOAPODS: 0.16.2

PODS: 
- ABCalendarPicker (1.0.2)
- AFNetworking (1.1.0)
- CKCalendar (0.1.0)
- InAppSettingsKit (1.0)
- JSONKit (1.5pre)
- MBProgressHUD (0.5)
- MFSideMenu (0.2)
- MKHorizMenu (0.0.1)
- SDURLCache (1.2)
- SDWebImage (3.1): 
  - SDWebImage/Main (= 3.1)
- SDWebImage/Main (3.1)
- SVWebViewController (0.1)
- TestFlightSDK (1.2.3.beta1)

DEPENDENCIES: 
- ABCalendarPicker (~> 1.0.2)
- AFNetworking
- CKCalendar
- InAppSettingsKit
- JSONKit
- MBProgressHUD
- MFSideMenu (= 0.2)
- MKHorizMenu
- SDURLCache (= 1.2)
- SDWebImage
- SVWebViewController
- TestFlightSDK
